{
  "requires": true,
  "lockfileVersion": 1,
  "dependencies": {
    "bootstrap-autocomplete": {
      "version": "2.3.7",
      "resolved": "https://registry.npmjs.org/bootstrap-autocomplete/-/bootstrap-autocomplete-2.3.7.tgz",
      "integrity": "sha512-YD2bev4bDTLsAzkr6lSTuMZOcE7k2+c2BYbtIT+j/XpPnM5ADLlbhR4NnpSsfg6Vde5xQckG/IbdRKrLlAtXOw=="
    }
  }
}
